
Microsoft Visual Studio Solution File, Format Version 12.00
# Visual Studio Version 17
VisualStudioVersion = 17.4.33403.182
MinimumVisualStudioVersion = 10.0.40219.1
Project("{9A19103F-16F7-4668-BE54-9A1E7A4F7556}") = "SqlClientCoreTool", "SqlClientCoreTool\SqlClientCoreTool.csproj", "{2FCAAC5A-5BAB-47D9-97B0-F683FE278BFE}"
EndProject
Project("{9A19103F-16F7-4668-BE54-9A1E7A4F7556}") = "SQLCLIENTUTEST", "SQLCLIENTUTEST\SQLCLIENTUTEST.csproj", "{3A51F5C2-E26B-4AE5-8584-BBF9504BCA99}"
EndProject
Project("{FAE04EC0-301F-11D3-BF4B-00C04F79EFBC}") = "Tester", "Tester\Tester.csproj", "{4E8EB1E7-DFDA-425A-ACCA-DE1733BBED41}"
EndProject
Global
	GlobalSection(SolutionConfigurationPlatforms) = preSolution
		Debug|Any CPU = Debug|Any CPU
		Release|Any CPU = Release|Any CPU
	EndGlobalSection
	GlobalSection(ProjectConfigurationPlatforms) = postSolution
		{2FCAAC5A-5BAB-47D9-97B0-F683FE278BFE}.Debug|Any CPU.ActiveCfg = Debug|Any CPU
		{2FCAAC5A-5BAB-47D9-97B0-F683FE278BFE}.Debug|Any CPU.Build.0 = Debug|Any CPU
		{2FCAAC5A-5BAB-47D9-97B0-F683FE278BFE}.Release|Any CPU.ActiveCfg = Release|Any CPU
		{2FCAAC5A-5BAB-47D9-97B0-F683FE278BFE}.Release|Any CPU.Build.0 = Release|Any CPU
		{3A51F5C2-E26B-4AE5-8584-BBF9504BCA99}.Debug|Any CPU.ActiveCfg = Debug|Any CPU
		{3A51F5C2-E26B-4AE5-8584-BBF9504BCA99}.Debug|Any CPU.Build.0 = Debug|Any CPU
		{3A51F5C2-E26B-4AE5-8584-BBF9504BCA99}.Release|Any CPU.ActiveCfg = Release|Any CPU
		{3A51F5C2-E26B-4AE5-8584-BBF9504BCA99}.Release|Any CPU.Build.0 = Release|Any CPU
		{4E8EB1E7-DFDA-425A-ACCA-DE1733BBED41}.Debug|Any CPU.ActiveCfg = Debug|Any CPU
		{4E8EB1E7-DFDA-425A-ACCA-DE1733BBED41}.Debug|Any CPU.Build.0 = Debug|Any CPU
		{4E8EB1E7-DFDA-425A-ACCA-DE1733BBED41}.Release|Any CPU.ActiveCfg = Release|Any CPU
		{4E8EB1E7-DFDA-425A-ACCA-DE1733BBED41}.Release|Any CPU.Build.0 = Release|Any CPU
	EndGlobalSection
	GlobalSection(SolutionProperties) = preSolution
		HideSolutionNode = FALSE
	EndGlobalSection
	GlobalSection(ExtensibilityGlobals) = postSolution
		SolutionGuid = {254F75CD-00A4-4125-B4CB-143BE55C2E38}
	EndGlobalSection
EndGlobal
